
Microsoft Visual Studio Solution File, Format Version 12.00
# Visual Studio 15
VisualStudioVersion = 15.0.26730.12
MinimumVisualStudioVersion = 10.0.40219.1
Project("{FAE04EC0-301F-11D3-BF4B-00C04F79EFBC}") = "VSGitDemo1", "VSGitDemo1\VSGitDemo1.csproj", "{930206E2-676E-4E9E-98B5-1DAF2A244735}"
EndProject
Global
	GlobalSection(SolutionConfigurationPlatforms) = preSolution
		Debug|Any CPU = Debug|Any CPU
		Release|Any CPU = Release|Any CPU
	EndGlobalSection
	GlobalSection(ProjectConfigurationPlatforms) = postSolution
		{930206E2-676E-4E9E-98B5-1DAF2A244735}.Debug|Any CPU.ActiveCfg = Debug|Any CPU
		{930206E2-676E-4E9E-98B5-1DAF2A244735}.Debug|Any CPU.Build.0 = Debug|Any CPU
		{930206E2-676E-4E9E-98B5-1DAF2A244735}.Release|Any CPU.ActiveCfg = Release|Any CPU
		{930206E2-676E-4E9E-98B5-1DAF2A244735}.Release|Any CPU.Build.0 = Release|Any CPU
	EndGlobalSection
	GlobalSection(SolutionProperties) = preSolution
		HideSolutionNode = FALSE
	EndGlobalSection
	GlobalSection(ExtensibilityGlobals) = postSolution
		SolutionGuid = {4EA8DE30-91DF-4F32-A506-E197FC84224B}
	EndGlobalSection
EndGlobal
